
Microsoft Visual Studio Solution File, Format Version 12.00
# Visual Studio Version 17
VisualStudioVersion = 17.1.32407.343
MinimumVisualStudioVersion = 10.0.40219.1
Project("{9A19103F-16F7-4668-BE54-9A1E7A4F7556}") = "ProjektWebApi", "ProjektWebApi.csproj", "{8E388067-4D28-4DE6-AF7C-24DB27F799D5}"
EndProject
Project("{FAE04EC0-301F-11D3-BF4B-00C04F79EFBC}") = "WebAPITest", "..\WebAPITest\WebAPITest.csproj", "{3DAA2E1B-1EC7-4A92-92A5-3A326999EE00}"
EndProject
Global
	GlobalSection(SolutionConfigurationPlatforms) = preSolution
		Debug|Any CPU = Debug|Any CPU
		Release|Any CPU = Release|Any CPU
	EndGlobalSection
	GlobalSection(ProjectConfigurationPlatforms) = postSolution
		{8E388067-4D28-4DE6-AF7C-24DB27F799D5}.Debug|Any CPU.ActiveCfg = Debug|Any CPU
		{8E388067-4D28-4DE6-AF7C-24DB27F799D5}.Debug|Any CPU.Build.0 = Debug|Any CPU
		{8E388067-4D28-4DE6-AF7C-24DB27F799D5}.Release|Any CPU.ActiveCfg = Release|Any CPU
		{8E388067-4D28-4DE6-AF7C-24DB27F799D5}.Release|Any CPU.Build.0 = Release|Any CPU
		{3DAA2E1B-1EC7-4A92-92A5-3A326999EE00}.Debug|Any CPU.ActiveCfg = Debug|Any CPU
		{3DAA2E1B-1EC7-4A92-92A5-3A326999EE00}.Debug|Any CPU.Build.0 = Debug|Any CPU
		{3DAA2E1B-1EC7-4A92-92A5-3A326999EE00}.Release|Any CPU.ActiveCfg = Release|Any CPU
		{3DAA2E1B-1EC7-4A92-92A5-3A326999EE00}.Release|Any CPU.Build.0 = Release|Any CPU
	EndGlobalSection
	GlobalSection(SolutionProperties) = preSolution
		HideSolutionNode = FALSE
	EndGlobalSection
	GlobalSection(ExtensibilityGlobals) = postSolution
		SolutionGuid = {8541C0B0-1BE2-412B-8098-24822642007D}
	EndGlobalSection
EndGlobal
